// !$*UTF8*$!
{
	archiveVersion = 1;
	classes = {
	};
	objectVersion = 46;
	objects = {

/* Begin PBXBuildFile section */
		4BCF5E7B1B18E1E300FD777C /* main.m in Sources */ = {isa = PBXBuildFile; fileRef = 4BCF5E7A1B18E1E300FD777C /* main.m */; };
		4BCF5E7E1B18E1E300FD777C /* AppDelegate.m in Sources */ = {isa = PBXBuildFile; fileRef = 4BCF5E7D1B18E1E300FD777C /* AppDelegate.m */; };
		4BCF5E811B18E1E300FD777C /* ViewController.m in Sources */ = {isa = PBXBuildFile; fileRef = 4BCF5E801B18E1E300FD777C /* ViewController.m */; };
		4BCF5E841B18E1E300FD777C /* Main.storyboard in Resources */ = {isa = PBXBuildFile; fileRef = 4BCF5E821B18E1E300FD777C /* Main.storyboard */; };
		4BCF5E861B18E1E300FD777C /* Images.xcassets in Resources */ = {isa = PBXBuildFile; fileRef = 4BCF5E851B18E1E300FD777C /* Images.xcassets */; };
		4BCF5E891B18E1E300FD777C /* LaunchScreen.xib in Resources */ = {isa = PBXBuildFile; fileRef = 4BCF5E871B18E1E300FD777C /* LaunchScreen.xib */; };
		4BCF5E951B18E1E300FD777C /* CollectionViewWithSearchBarTests.m in Sources */ = {isa = PBXBuildFile; fileRef = 4BCF5E941B18E1E300FD777C /* CollectionViewWithSearchBarTests.m */; };
		4BCF5EAA1B18E21600FD777C /* image1.png in Resources */ = {isa = PBXBuildFile; fileRef = 4BCF5E9F1B18E21600FD777C /* image1.png */; };
		4BCF5EAB1B18E21600FD777C /* image2.png in Resources */ = {isa = PBXBuildFile; fileRef = 4BCF5EA01B18E21600FD777C /* image2.png */; };
		4BCF5EAC1B18E21600FD777C /* image3.png in Resources */ = {isa = PBXBuildFile; fileRef = 4BCF5EA11B18E21600FD777C /* image3.png */; };
		4BCF5EAD1B18E21600FD777C /* image4.png in Resources */ = {isa = PBXBuildFile; fileRef = 4BCF5EA21B18E21600FD777C /* image4.png */; };
		4BCF5EAE1B18E21600FD777C /* image5.png in Resources */ = {isa = PBXBuildFile; fileRef = 4BCF5EA31B18E21600FD777C /* image5.png */; };
		4BCF5EAF1B18E21600FD777C /* image6.png in Resources */ = {isa = PBXBuildFile; fileRef = 4BCF5EA41B18E21600FD777C /* image6.png */; };
		4BCF5EB01B18E21600FD777C /* image7.png in Resources */ = {isa = PBXBuildFile; fileRef = 4BCF5EA51B18E21600FD777C /* image7.png */; };
		4BCF5EB11B18E21600FD777C /* image8.png in Resources */ = {isa = PBXBuildFile; fileRef = 4BCF5EA61B18E21600FD777C /* image8.png */; };
		4BCF5EB21B18E21600FD777C /* image9.png in Resources */ = {isa = PBXBuildFile; fileRef = 4BCF5EA71B18E21600FD777C /* image9.png */; };
		4BCF5EB31B18E21600FD777C /* image10.png in Resources */ = {isa = PBXBuildFile; fileRef = 4BCF5EA81B18E21600FD777C /* image10.png */; };
		4BCF5EB41B18E21600FD777C /* image11.png in Resources */ = {isa = PBXBuildFile; fileRef = 4BCF5EA91B18E21600FD777C /* image11.png */; };
		4BCF5EB71B18E22100FD777C /* v1ViewController.m in Sources */ = {isa = PBXBuildFile; fileRef = 4BCF5EB61B18E22100FD777C /* v1ViewController.m */; };
/* End PBXBuildFile section */

/* Begin PBXContainerItemProxy section */
		4BCF5E8F1B18E1E300FD777C /* PBXContainerItemProxy */ = {
			isa = PBXContainerItemProxy;
			containerPortal = 4BCF5E6D1B18E1E200FD777C /* Project object */;
			proxyType = 1;
			remoteGlobalIDString = 4BCF5E741B18E1E300FD777C;
			remoteInfo = CollectionViewWithSearchBar;
		};
/* End PBXContainerItemProxy section */

/* Begin PBXFileReference section */
		4BCF5E751B18E1E300FD777C /* CollectionViewWithSearchBar.app */ = {isa = PBXFileReference; explicitFileType = wrapper.application; includeInIndex = 0; path = CollectionViewWithSearchBar.app; sourceTree = BUILT_PRODUCTS_DIR; };
		4BCF5E791B18E1E300FD777C /* Info.plist */ = {isa = PBXFileReference; lastKnownFileType = text.plist.xml; path = Info.plist; sourceTree = "<group>"; };
		4BCF5E7A1B18E1E300FD777C /* main.m */ = {isa = PBXFileReference; lastKnownFileType = sourcecode.c.objc; path = main.m; sourceTree = "<group>"; };
		4BCF5E7C1B18E1E300FD777C /* AppDelegate.h */ = {isa = PBXFileReference; lastKnownFileType = sourcecode.c.h; path = AppDelegate.h; sourceTree = "<group>"; };
		4BCF5E7D1B18E1E300FD777C /* AppDelegate.m */ = {isa = PBXFileReference; lastKnownFileType = sourcecode.c.objc; path = AppDelegate.m; sourceTree = "<group>"; };
		4BCF5E7F1B18E1E300FD777C /* ViewController.h */ = {isa = PBXFileReference; lastKnownFileType = sourcecode.c.h; path = ViewController.h; sourceTree = "<group>"; };
		4BCF5E801B18E1E300FD777C /* ViewController.m */ = {isa = PBXFileReference; lastKnownFileType = sourcecode.c.objc; path = ViewController.m; sourceTree = "<group>"; };
		4BCF5E831B18E1E300FD777C /* Base */ = {isa = PBXFileReference; lastKnownFileType = file.storyboard; name = Base; path = Base.lproj/Main.storyboard; sourceTree = "<group>"; };
		4BCF5E851B18E1E300FD777C /* Images.xcassets */ = {isa = PBXFileReference; lastKnownFileType = folder.assetcatalog; path = Images.xcassets; sourceTree = "<group>"; };
		4BCF5E881B18E1E300FD777C /* Base */ = {isa = PBXFileReference; lastKnownFileType = file.xib; name = Base; path = Base.lproj/LaunchScreen.xib; sourceTree = "<group>"; };
		4BCF5E8E1B18E1E300FD777C /* CollectionViewWithSearchBarTests.xctest */ = {isa = PBXFileReference; explicitFileType = wrapper.cfbundle; includeInIndex = 0; path = CollectionViewWithSearchBarTests.xctest; sourceTree = BUILT_PRODUCTS_DIR; };
		4BCF5E931B18E1E300FD777C /* Info.plist */ = {isa = PBXFileReference; lastKnownFileType = text.plist.xml; path = Info.plist; sourceTree = "<group>"; };
		4BCF5E941B18E1E300FD777C /* CollectionViewWithSearchBarTests.m */ = {isa = PBXFileReference; lastKnownFileType = sourcecode.c.objc; path = CollectionViewWithSearchBarTests.m; sourceTree = "<group>"; };
		4BCF5E9F1B18E21600FD777C /* image1.png */ = {isa = PBXFileReference; lastKnownFileType = image.png; path = image1.png; sourceTree = "<group>"; };
		4BCF5EA01B18E21600FD777C /* image2.png */ = {isa = PBXFileReference; lastKnownFileType = image.png; path = image2.png; sourceTree = "<group>"; };
		4BCF5EA11B18E21600FD777C /* image3.png */ = {isa = PBXFileReference; lastKnownFileType = image.png; path = image3.png; sourceTree = "<group>"; };
		4BCF5EA21B18E21600FD777C /* image4.png */ = {isa = PBXFileReference; lastKnownFileType = image.png; path = image4.png; sourceTree = "<group>"; };
		4BCF5EA31B18E21600FD777C /* image5.png */ = {isa = PBXFileReference; lastKnownFileType = image.png; path = image5.png; sourceTree = "<group>"; };
		4BCF5EA41B18E21600FD777C /* image6.png */ = {isa = PBXFileReference; lastKnownFileType = image.png; path = image6.png; sourceTree = "<group>"; };
		4BCF5EA51B18E21600FD777C /* image7.png */ = {isa = PBXFileReference; lastKnownFileType = image.png; path = image7.png; sourceTree = "<group>"; };
		4BCF5EA61B18E21600FD777C /* image8.png */ = {isa = PBXFileReference; lastKnownFileType = image.png; path = image8.png; sourceTree = "<group>"; };
		4BCF5EA71B18E21600FD777C /* image9.png */ = {isa = PBXFileReference; lastKnownFileType = image.png; path = image9.png; sourceTree = "<group>"; };
		4BCF5EA81B18E21600FD777C /* image10.png */ = {isa = PBXFileReference; lastKnownFileType = image.png; path = image10.png; sourceTree = "<group>"; };
		4BCF5EA91B18E21600FD777C /* image11.png */ = {isa = PBXFileReference; lastKnownFileType = image.png; path = image11.png; sourceTree = "<group>"; };
		4BCF5EB51B18E22100FD777C /* v1ViewController.h */ = {isa = PBXFileReference; fileEncoding = 4; lastKnownFileType = sourcecode.c.h; path = v1ViewController.h; sourceTree = "<group>"; };
		4BCF5EB61B18E22100FD777C /* v1ViewController.m */ = {isa = PBXFileReference; fileEncoding = 4; lastKnownFileType = sourcecode.c.objc; path = v1ViewController.m; sourceTree = "<group>"; };
/* End PBXFileReference section */

/* Begin PBXFrameworksBuildPhase section */
		4BCF5E721B18E1E300FD777C /* Frameworks */ = {
			isa = PBXFrameworksBuildPhase;
			buildActionMask = 2147483647;
			files = (
			);
			runOnlyForDeploymentPostprocessing = 0;
		};
		4BCF5E8B1B18E1E300FD777C /* Frameworks */ = {
			isa = PBXFrameworksBuildPhase;
			buildActionMask = 2147483647;
			files = (
			);
			runOnlyForDeploymentPostprocessing = 0;
		};
/* End PBXFrameworksBuildPhase section */

/* Begin PBXGroup section */
		4BCF5E6C1B18E1E200FD777C = {
			isa = PBXGroup;
			children = (
				4BCF5E771B18E1E300FD777C /* CollectionViewWithSearchBar */,
				4BCF5E911B18E1E300FD777C /* CollectionViewWithSearchBarTests */,
				4BCF5E761B18E1E300FD777C /* Products */,
			);
			sourceTree = "<group>";
		};
		4BCF5E761B18E1E300FD777C /* Products */ = {
			isa = PBXGroup;
			children = (
				4BCF5E751B18E1E300FD777C /* CollectionViewWithSearchBar.app */,
				4BCF5E8E1B18E1E300FD777C /* CollectionViewWithSearchBarTests.xctest */,
			);
			name = Products;
			sourceTree = "<group>";
		};
		4BCF5E771B18E1E300FD777C /* CollectionViewWithSearchBar */ = {
			isa = PBXGroup;
			children = (
				4BCF5EB51B18E22100FD777C /* v1ViewController.h */,
				4BCF5EB61B18E22100FD777C /* v1ViewController.m */,
				4BCF5E9E1B18E20700FD777C /* pics */,
				4BCF5E7C1B18E1E300FD777C /* AppDelegate.h */,
				4BCF5E7D1B18E1E300FD777C /* AppDelegate.m */,
				4BCF5E7F1B18E1E300FD777C /* ViewController.h */,
				4BCF5E801B18E1E300FD777C /* ViewController.m */,
				4BCF5E821B18E1E300FD777C /* Main.storyboard */,
				4BCF5E851B18E1E300FD777C /* Images.xcassets */,
				4BCF5E871B18E1E300FD777C /* LaunchScreen.xib */,
				4BCF5E781B18E1E300FD777C /* Supporting Files */,
			);
			path = CollectionViewWithSearchBar;
			sourceTree = "<group>";
		};
		4BCF5E781B18E1E300FD777C /* Supporting Files */ = {
			isa = PBXGroup;
			children = (
				4BCF5E791B18E1E300FD777C /* Info.plist */,
				4BCF5E7A1B18E1E300FD777C /* main.m */,
			);
			name = "Supporting Files";
			sourceTree = "<group>";
		};
		4BCF5E911B18E1E300FD777C /* CollectionViewWithSearchBarTests */ = {
			isa = PBXGroup;
			children = (
				4BCF5E941B18E1E300FD777C /* CollectionViewWithSearchBarTests.m */,
				4BCF5E921B18E1E300FD777C /* Supporting Files */,
			);
			path = CollectionViewWithSearchBarTests;
			sourceTree = "<group>";
		};
		4BCF5E921B18E1E300FD777C /* Supporting Files */ = {
			isa = PBXGroup;
			children = (
				4BCF5E931B18E1E300FD777C /* Info.plist */,
			);
			name = "Supporting Files";
			sourceTree = "<group>";
		};
		4BCF5E9E1B18E20700FD777C /* pics */ = {
			isa = PBXGroup;
			children = (
				4BCF5E9F1B18E21600FD777C /* image1.png */,
				4BCF5EA01B18E21600FD777C /* image2.png */,
				4BCF5EA11B18E21600FD777C /* image3.png */,
				4BCF5EA21B18E21600FD777C /* image4.png */,
				4BCF5EA31B18E21600FD777C /* image5.png */,
				4BCF5EA41B18E21600FD777C /* image6.png */,
				4BCF5EA51B18E21600FD777C /* image7.png */,
				4BCF5EA61B18E21600FD777C /* image8.png */,
				4BCF5EA71B18E21600FD777C /* image9.png */,
				4BCF5EA81B18E21600FD777C /* image10.png */,
				4BCF5EA91B18E21600FD777C /* image11.png */,
			);
			name = pics;
			sourceTree = "<group>";
		};
/* End PBXGroup section */

/* Begin PBXNativeTarget section */
		4BCF5E741B18E1E300FD777C /* CollectionViewWithSearchBar */ = {
			isa = PBXNativeTarget;
			buildConfigurationList = 4BCF5E981B18E1E300FD777C /* Build configuration list for PBXNativeTarget "CollectionViewWithSearchBar" */;
			buildPhases = (
				4BCF5E711B18E1E300FD777C /* Sources */,
				4BCF5E721B18E1E300FD777C /* Frameworks */,
				4BCF5E731B18E1E300FD777C /* Resources */,
			);
			buildRules = (
			);
			dependencies = (
			);
			name = CollectionViewWithSearchBar;
			productName = CollectionViewWithSearchBar;
			productReference = 4BCF5E751B18E1E300FD777C /* CollectionViewWithSearchBar.app */;
			productType = "com.apple.product-type.application";
		};
		4BCF5E8D1B18E1E300FD777C /* CollectionViewWithSearchBarTests */ = {
			isa = PBXNativeTarget;
			buildConfigurationList = 4BCF5E9B1B18E1E300FD777C /* Build configuration list for PBXNativeTarget "CollectionViewWithSearchBarTests" */;
			buildPhases = (
				4BCF5E8A1B18E1E300FD777C /* Sources */,
				4BCF5E8B1B18E1E300FD777C /* Frameworks */,
				4BCF5E8C1B18E1E300FD777C /* Resources */,
			);
			buildRules = (
			);
			dependencies = (
				4BCF5E901B18E1E300FD777C /* PBXTargetDependency */,
			);
			name = CollectionViewWithSearchBarTests;
			productName = CollectionViewWithSearchBarTests;
			productReference = 4BCF5E8E1B18E1E300FD777C /* CollectionViewWithSearchBarTests.xctest */;
			productType = "com.apple.product-type.bundle.unit-test";
		};
/* End PBXNativeTarget section */

/* Begin PBXProject section */
		4BCF5E6D1B18E1E200FD777C /* Project object */ = {
			isa = PBXProject;
			attributes = {
				LastUpgradeCheck = 0620;
				ORGANIZATIONNAME = "Bean Bob";
				TargetAttributes = {
					4BCF5E741B18E1E300FD777C = {
						CreatedOnToolsVersion = 6.2;
					};
					4BCF5E8D1B18E1E300FD777C = {
						CreatedOnToolsVersion = 6.2;
						TestTargetID = 4BCF5E741B18E1E300FD777C;
					};
				};
			};
			buildConfigurationList = 4BCF5E701B18E1E200FD777C /* Build configuration list for PBXProject "CollectionViewWithSearchBar" */;
			compatibilityVersion = "Xcode 3.2";
			developmentRegion = English;
			hasScannedForEncodings = 0;
			knownRegions = (
				en,
				Base,
			);
			mainGroup = 4BCF5E6C1B18E1E200FD777C;
			productRefGroup = 4BCF5E761B18E1E300FD777C /* Products */;
			projectDirPath = "";
			projectRoot = "";
			targets = (
				4BCF5E741B18E1E300FD777C /* CollectionViewWithSearchBar */,
				4BCF5E8D1B18E1E300FD777C /* CollectionViewWithSearchBarTests */,
			);
		};
/* End PBXProject section */

/* Begin PBXResourcesBuildPhase section */
		4BCF5E731B18E1E300FD777C /* Resources */ = {
			isa = PBXResourcesBuildPhase;
			buildActionMask = 2147483647;
			files = (
				4BCF5E841B18E1E300FD777C /* Main.storyboard in Resources */,
				4BCF5EB21B18E21600FD777C /* image9.png in Resources */,
				4BCF5EB31B18E21600FD777C /* image10.png in Resources */,
				4BCF5EB01B18E21600FD777C /* image7.png in Resources */,
				4BCF5EAF1B18E21600FD777C /* image6.png in Resources */,
				4BCF5EB11B18E21600FD777C /* image8.png in Resources */,
				4BCF5EAC1B18E21600FD777C /* image3.png in Resources */,
				4BCF5EAB1B18E21600FD777C /* image2.png in Resources */,
				4BCF5EAA1B18E21600FD777C /* image1.png in Resources */,
				4BCF5EB41B18E21600FD777C /* image11.png in Resources */,
				4BCF5EAD1B18E21600FD777C /* image4.png in Resources */,
				4BCF5EAE1B18E21600FD777C /* image5.png in Resources */,
				4BCF5E891B18E1E300FD777C /* LaunchScreen.xib in Resources */,
				4BCF5E861B18E1E300FD777C /* Images.xcassets in Resources */,
			);
			runOnlyForDeploymentPostprocessing = 0;
		};
		4BCF5E8C1B18E1E300FD777C /* Resources */ = {
			isa = PBXResourcesBuildPhase;
			buildActionMask = 2147483647;
			files = (
			);
			runOnlyForDeploymentPostprocessing = 0;
		};
/* End PBXResourcesBuildPhase section */

/* Begin PBXSourcesBuildPhase section */
		4BCF5E711B18E1E300FD777C /* Sources */ = {
			isa = PBXSourcesBuildPhase;
			buildActionMask = 2147483647;
			files = (
				4BCF5E811B18E1E300FD777C /* ViewController.m in Sources */,
				4BCF5E7E1B18E1E300FD777C /* AppDelegate.m in Sources */,
				4BCF5E7B1B18E1E300FD777C /* main.m in Sources */,
				4BCF5EB71B18E22100FD777C /* v1ViewController.m in Sources */,
			);
			runOnlyForDeploymentPostprocessing = 0;
		};
		4BCF5E8A1B18E1E300FD777C /* Sources */ = {
			isa = PBXSourcesBuildPhase;
			buildActionMask = 2147483647;
			files = (
				4BCF5E951B18E1E300FD777C /* CollectionViewWithSearchBarTests.m in Sources */,
			);
			runOnlyForDeploymentPostprocessing = 0;
		};
/* End PBXSourcesBuildPhase section */

/* Begin PBXTargetDependency section */
		4BCF5E901B18E1E300FD777C /* PBXTargetDependency */ = {
			isa = PBXTargetDependency;
			target = 4BCF5E741B18E1E300FD777C /* CollectionViewWithSearchBar */;
			targetProxy = 4BCF5E8F1B18E1E300FD777C /* PBXContainerItemProxy */;
		};
/* End PBXTargetDependency section */

/* Begin PBXVariantGroup section */
		4BCF5E821B18E1E300FD777C /* Main.storyboard */ = {
			isa = PBXVariantGroup;
			children = (
				4BCF5E831B18E1E300FD777C /* Base */,
			);
			name = Main.storyboard;
			sourceTree = "<group>";
		};
		4BCF5E871B18E1E300FD777C /* LaunchScreen.xib */ = {
			isa = PBXVariantGroup;
			children = (
				4BCF5E881B18E1E300FD777C /* Base */,
			);
			name = LaunchScreen.xib;
			sourceTree = "<group>";
		};
/* End PBXVariantGroup section */

/* Begin XCBuildConfiguration section */
		4BCF5E961B18E1E300FD777C /* Debug */ = {
			isa = XCBuildConfiguration;
			buildSettings = {
				ALWAYS_SEARCH_USER_PATHS = NO;
				CLANG_CXX_LANGUAGE_STANDARD = "gnu++0x";
				CLANG_CXX_LIBRARY = "libc++";
				CLANG_ENABLE_MODULES = YES;
				CLANG_ENABLE_OBJC_ARC = YES;
				CLANG_WARN_BOOL_CONVERSION = YES;
				CLANG_WARN_CONSTANT_CONVERSION = YES;
				CLANG_WARN_DIRECT_OBJC_ISA_USAGE = YES_ERROR;
				CLANG_WARN_EMPTY_BODY = YES;
				CLANG_WARN_ENUM_CONVERSION = YES;
				CLANG_WARN_INT_CONVERSION = YES;
				CLANG_WARN_OBJC_ROOT_CLASS = YES_ERROR;
				CLANG_WARN_UNREACHABLE_CODE = YES;
				CLANG_WARN__DUPLICATE_METHOD_MATCH = YES;
				"CODE_SIGN_IDENTITY[sdk=iphoneos*]" = "iPhone Developer";
				COPY_PHASE_STRIP = NO;
				ENABLE_STRICT_OBJC_MSGSEND = YES;
				GCC_C_LANGUAGE_STANDARD = gnu99;
				GCC_DYNAMIC_NO_PIC = NO;
				GCC_OPTIMIZATION_LEVEL = 0;
				GCC_PREPROCESSOR_DEFINITIONS = (
					"DEBUG=1",
					"$(inherited)",
				);
				GCC_SYMBOLS_PRIVATE_EXTERN = NO;
				GCC_WARN_64_TO_32_BIT_CONVERSION = YES;
				GCC_WARN_ABOUT_RETURN_TYPE = YES_ERROR;
				GCC_WARN_UNDECLARED_SELECTOR = YES;
				GCC_WARN_UNINITIALIZED_AUTOS = YES_AGGRESSIVE;
				GCC_WARN_UNUSED_FUNCTION = YES;
				GCC_WARN_UNUSED_VARIABLE = YES;
				IPHONEOS_DEPLOYMENT_TARGET = 8.2;
				MTL_ENABLE_DEBUG_INFO = YES;
				ONLY_ACTIVE_ARCH = YES;
				SDKROOT = iphoneos;
				TARGETED_DEVICE_FAMILY = "1,2";
			};
			name = Debug;
		};
		4BCF5E971B18E1E300FD777C /* Release */ = {
			isa = XCBuildConfiguration;
			buildSettings = {
				ALWAYS_SEARCH_USER_PATHS = NO;
				CLANG_CXX_LANGUAGE_STANDARD = "gnu++0x";
				CLANG_CXX_LIBRARY = "libc++";
				CLANG_ENABLE_MODULES = YES;
				CLANG_ENABLE_OBJC_ARC = YES;
				CLANG_WARN_BOOL_CONVERSION = YES;
				CLANG_WARN_CONSTANT_CONVERSION = YES;
				CLANG_WARN_DIRECT_OBJC_ISA_USAGE = YES_ERROR;
				CLANG_WARN_EMPTY_BODY = YES;
				CLANG_WARN_ENUM_CONVERSION = YES;
				CLANG_WARN_INT_CONVERSION = YES;
				CLANG_WARN_OBJC_ROOT_CLASS = YES_ERROR;
				CLANG_WARN_UNREACHABLE_CODE = YES;
				CLANG_WARN__DUPLICATE_METHOD_MATCH = YES;
				"CODE_SIGN_IDENTITY[sdk=iphoneos*]" = "iPhone Developer";
				COPY_PHASE_STRIP = NO;
				ENABLE_NS_ASSERTIONS = NO;
				ENABLE_STRICT_OBJC_MSGSEND = YES;
				GCC_C_LANGUAGE_STANDARD = gnu99;
				GCC_WARN_64_TO_32_BIT_CONVERSION = YES;
				GCC_WARN_ABOUT_RETURN_TYPE = YES_ERROR;
				GCC_WARN_UNDECLARED_SELECTOR = YES;
				GCC_WARN_UNINITIALIZED_AUTOS = YES_AGGRESSIVE;
				GCC_WARN_UNUSED_FUNCTION = YES;
				GCC_WARN_UNUSED_VARIABLE = YES;
				IPHONEOS_DEPLOYMENT_TARGET = 8.2;
				MTL_ENABLE_DEBUG_INFO = NO;
				SDKROOT = iphoneos;
				TARGETED_DEVICE_FAMILY = "1,2";
				VALIDATE_PRODUCT = YES;
			};
			name = Release;
		};
		4BCF5E991B18E1E300FD777C /* Debug */ = {
			isa = XCBuildConfiguration;
			buildSettings = {
				ASSETCATALOG_COMPILER_APPICON_NAME = AppIcon;
				ASSETCATALOG_COMPILER_LAUNCHIMAGE_NAME = LaunchImage;
				INFOPLIST_FILE = CollectionViewWithSearchBar/Info.plist;
				IPHONEOS_DEPLOYMENT_TARGET = 8.0;
				LD_RUNPATH_SEARCH_PATHS = "$(inherited) @executable_path/Frameworks";
				PRODUCT_NAME = "$(TARGET_NAME)";
			};
			name = Debug;
		};
		4BCF5E9A1B18E1E300FD777C /* Release */ = {
			isa = XCBuildConfiguration;
			buildSettings = {
				ASSETCATALOG_COMPILER_APPICON_NAME = AppIcon;
				ASSETCATALOG_COMPILER_LAUNCHIMAGE_NAME = LaunchImage;
				INFOPLIST_FILE = CollectionViewWithSearchBar/Info.plist;
				IPHONEOS_DEPLOYMENT_TARGET = 8.0;
				LD_RUNPATH_SEARCH_PATHS = "$(inherited) @executable_path/Frameworks";
				PRODUCT_NAME = "$(TARGET_NAME)";
			};
			name = Release;
		};
		4BCF5E9C1B18E1E300FD777C /* Debug */ = {
			isa = XCBuildConfiguration;
			buildSettings = {
				BUNDLE_LOADER = "$(TEST_HOST)";
				FRAMEWORK_SEARCH_PATHS = (
					"$(SDKROOT)/Developer/Library/Frameworks",
					"$(inherited)",
				);
				GCC_PREPROCESSOR_DEFINITIONS = (
					"DEBUG=1",
					"$(inherited)",
				);
				INFOPLIST_FILE = CollectionViewWithSearchBarTests/Info.plist;
				LD_RUNPATH_SEARCH_PATHS = "$(inherited) @executable_path/Frameworks @loader_path/Frameworks";
				PRODUCT_NAME = "$(TARGET_NAME)";
				TEST_HOST = "$(BUILT_PRODUCTS_DIR)/CollectionViewWithSearchBar.app/CollectionViewWithSearchBar";
			};
			name = Debug;
		};
		4BCF5E9D1B18E1E300FD777C /* Release */ = {
			isa = XCBuildConfiguration;
			buildSettings = {
				BUNDLE_LOADER = "$(TEST_HOST)";
				FRAMEWORK_SEARCH_PATHS = (
					"$(SDKROOT)/Developer/Library/Frameworks",
					"$(inherited)",
				);
				INFOPLIST_FILE = CollectionViewWithSearchBarTests/Info.plist;
				LD_RUNPATH_SEARCH_PATHS = "$(inherited) @executable_path/Frameworks @loader_path/Frameworks";
				PRODUCT_NAME = "$(TARGET_NAME)";
				TEST_HOST = "$(BUILT_PRODUCTS_DIR)/CollectionViewWithSearchBar.app/CollectionViewWithSearchBar";
			};
			name = Release;
		};
/* End XCBuildConfiguration section */

/* Begin XCConfigurationList section */
		4BCF5E701B18E1E200FD777C /* Build configuration list for PBXProject "CollectionViewWithSearchBar" */ = {
			isa = XCConfigurationList;
			buildConfigurations = (
				4BCF5E961B18E1E300FD777C /* Debug */,
				4BCF5E971B18E1E300FD777C /* Release */,
			);
			defaultConfigurationIsVisible = 0;
			defaultConfigurationName = Release;
		};
		4BCF5E981B18E1E300FD777C /* Build configuration list for PBXNativeTarget "CollectionViewWithSearchBar" */ = {
			isa = XCConfigurationList;
			buildConfigurations = (
				4BCF5E991B18E1E300FD777C /* Debug */,
				4BCF5E9A1B18E1E300FD777C /* Release */,
			);
			defaultConfigurationIsVisible = 0;
			defaultConfigurationName = Release;
		};
		4BCF5E9B1B18E1E300FD777C /* Build configuration list for PBXNativeTarget "CollectionViewWithSearchBarTests" */ = {
			isa = XCConfigurationList;
			buildConfigurations = (
				4BCF5E9C1B18E1E300FD777C /* Debug */,
				4BCF5E9D1B18E1E300FD777C /* Release */,
			);
			defaultConfigurationIsVisible = 0;
			defaultConfigurationName = Release;
		};
/* End XCConfigurationList section */
	};
	rootObject = 4BCF5E6D1B18E1E200FD777C /* Project object */;
}
